version = 1
revision = 3
requires-python = "==3.12.*"

[[package]]
name = "cmake"
version = "4.2.1"
source = { registry = "https://pypi.org/simple" }
sdist = { url = "https://files.pythonhosted.org/packages/00/f5/e4f5a35864293a8605bf6e9366d406ee11565b91a22f38f8b8665096c718/cmake-4.2.1.tar.gz", hash = "sha256:a07a790ca65946667c0fb286549e8e0b5a850e2f8170ae60d3418573011ca218", size = 37060, upload-time = "2025-12-21T11:23:47.499Z" }
wheels = [
    { url = "https://files.pythonhosted.org/packages/53/b3/51560fb74ff1f369299d2b15e7c0a1c227d534753dd779ccd45b305678a8/cmake-4.2.1-py3-none-macosx_10_10_universal2.whl", hash = "sha256:ec44fa08b6ca25a63f7356a442469840841145d7b7b6f4d65318b6bd59a0f7f6", size = 51572335, upload-time = "2025-12-21T11:22:42.116Z" },
    { url = "https://files.pythonhosted.org/packages/51/4f/8278a25e101ec1ce2a1a2ca78db61fa683495a14e66a1174fc3d97879802/cmake-4.2.1-py3-none-manylinux2014_aarch64.manylinux_2_17_aarch64.whl", hash = "sha256:c8bdf88f8d50b64c88ffc75fb671f3ab017d803f36589f21c3f1e9f3a1b236a7", size = 29050095, upload-time = "2025-12-21T11:22:45.955Z" },
    { url = "https://files.pythonhosted.org/packages/e6/6c/efeb22bfdcebb29baf2c8853edf7ef59ff0bce0c2adaeefde4916c2b0eea/cmake-4.2.1-py3-none-manylinux2014_i686.manylinux_2_17_i686.whl", hash = "sha256:6ca394cdea61534f12e30f0188b19ace8ba844088105b77b9fd70e6df18ef241", size = 30088543, upload-time = "2025-12-21T11:22:49.623Z" },
    { url = "https://files.pythonhosted.org/packages/9b/83/7b6ff5b0f64f764db5e87ac4c320dfc34a783f38601b2f0c1dfe0ffcbab1/cmake-4.2.1-py3-none-manylinux2014_ppc64le.manylinux_2_17_ppc64le.whl", hash = "sha256:c5742041f8e641d977928207e2697e9cc3242d0d01f7cb8671f63ad45dcc447b", size = 29838727, upload-time = "2025-12-21T11:22:53.799Z" },
    { url = "https://files.pythonhosted.org/packages/64/48/81fa5fa5bf19b7be74ba83ea3eddc20210995b066e3acb2329e8f821bd4e/cmake-4.2.1-py3-none-manylinux2014_s390x.manylinux_2_17_s390x.whl", hash = "sha256:ae0f51d2b8dd00a7ac1578c19364140358596e449d2ac1b978af3f0b35737d01", size = 27768477, upload-time = "2025-12-21T11:22:57.608Z" },
    { url = "https://files.pythonhosted.org/packages/28/19/b54ff2e03946beeef785e6407d965a9493d26c50dd1aa09ffc7b53fbf9a5/cmake-4.2.1-py3-none-manylinux2014_x86_64.manylinux_2_17_x86_64.whl", hash = "sha256:6333a2b16e1d55373419b9c1572a155b315bfb9d834fbdbba0f7d3428437c785", size = 28919242, upload-time = "2025-12-21T11:23:01.177Z" },
    { url = "https://files.pythonhosted.org/packages/ff/82/b001aac0162af8524067a94005e61e23426103b9283c2525df62f0b403ea/cmake-4.2.1-py3-none-manylinux_2_31_armv7l.whl", hash = "sha256:4d7a62c462cc81a6f7a5e4db7b298b4e66d851010418c8cdc5a9de0a8701f60f", size = 26109769, upload-time = "2025-12-21T11:23:04.627Z" },
    { url = "https://files.pythonhosted.org/packages/28/62/c4e8810012175ca76bb4be565955b73354a8693a4a9e983206be7cd9144e/cmake-4.2.1-py3-none-manylinux_2_31_riscv64.whl", hash = "sha256:3455391ffce8a860bbbd22b83c2188f13806100a21f28b8ab2c6a785def25616", size = 26217175, upload-time = "2025-12-21T11:23:07.952Z" },
    { url = "https://files.pythonhosted.org/packages/40/2e/4f657c370fdf741dfa7c1189863a15e50ea44e35fad314ba3448ad017ef8/cmake-4.2.1-py3-none-musllinux_1_2_aarch64.whl", hash = "sha256:4d0dfe33c993e3d58cfebe2ab1205668411aae1e6cb78430f3b9d070a97e1274", size = 37922579, upload-time = "2025-12-21T11:23:11.477Z" },
    { url = "https://files.pythonhosted.org/packages/6a/c2/c37989f2366d700f934b6c557dfd74e078352f7535b63d35920f1b0e49fd/cmake-4.2.1-py3-none-musllinux_1_2_armv7l.whl", hash = "sha256:52db8740e81d10c8d103899c87e0100e6aab969295ab99ce51eb11de4c36c9ce", size = 34564791, upload-time = "2025-12-21T11:23:15.177Z" },
    { url = "https://files.pythonhosted.org/packages/0d/f4/4a3fe5399be1f4f3876762d2b583c8b2ce6e1b419692f170a8b710ca1742/cmake-4.2.1-py3-none-musllinux_1_2_i686.whl", hash = "sha256:493abf42c003034c2bb1ad58a221542174a5c0fd2a76e9fdd91709ae6e53263c", size = 40440667, upload-time = "2025-12-21T11:23:19.14Z" },
    { url = "https://files.pythonhosted.org/packages/9d/a7/91b4504199f587c11b612f7bedcb8943d6f2da679d6e627e2de962a95011/cmake-4.2.1-py3-none-musllinux_1_2_ppc64le.whl", hash = "sha256:3d8d7632bb27cf1d0ac78098f2f7dfb7019927f35fb5a8c1508b17524af70000", size = 39610499, upload-time = "2025-12-21T11:23:23Z" },
    { url = "https://files.pythonhosted.org/packages/f5/4e/6aabf0172544c6b021ef0192f3f9bd8bb0f2877ad9ae223e653982aebd62/cmake-4.2.1-py3-none-musllinux_1_2_riscv64.whl", hash = "sha256:3e89d391096fdbdaab82e28b7e1fa964a873c0ba8d77c3542260c7d115aaac1f", size = 34796816, upload-time = "2025-12-21T11:23:26.88Z" },
    { url = "https://files.pythonhosted.org/packages/0a/f1/a2ae37cc5ff4338165a322e2dc70ddd0713a2989dee1ccf1af4ddf4917da/cmake-4.2.1-py3-none-musllinux_1_2_s390x.whl", hash = "sha256:e758ae635c75aaf0258e2c46fe95a3821f01011d5dbe29b7f045976b88ce3ca8", size = 36826277, upload-time = "2025-12-21T11:23:30.702Z" },
    { url = "https://files.pythonhosted.org/packages/fe/5b/ffa3551f85fd26dddc0e5d2e5dff0cda50fce57aaf2b237f2d5210d74203/cmake-4.2.1-py3-none-musllinux_1_2_x86_64.whl", hash = "sha256:fecc03edef6257b2bc8784f7880e84fe8a0b0fb54c952528c61ce14a4d693e16", size = 37806089, upload-time = "2025-12-21T11:23:34.464Z" },
    { url = "https://files.pythonhosted.org/packages/d2/99/c48c152e5e002a59861fdcfeed4e8ebe5d2da7a36db6e5da86b2f3a6c4d8/cmake-4.2.1-py3-none-win32.whl", hash = "sha256:72c860dae7c0315b05f59fd8e19253861c6e42f8d391a26aa6e2b4c9bd6014b8", size = 35352971, upload-time = "2025-12-21T11:23:37.908Z" },
    { url = "https://files.pythonhosted.org/packages/ff/cd/54fe2d1fc0674d2f05bfdc0cbd8e4602a6541a8bbe9e4bd5839ff8397a65/cmake-4.2.1-py3-none-win_amd64.whl", hash = "sha256:c186e7b826978f86bcbada91845e949e1f5ce5c670d6db49f7ecf5bac1b334e3", size = 38545649, upload-time = "2025-12-21T11:23:41.21Z" },
    { url = "https://files.pythonhosted.org/packages/67/3a/3704a5110716d1abd76cb3cc968f355f697f7ee38fbb9406924135a9590b/cmake-4.2.1-py3-none-win_arm64.whl", hash = "sha256:82224245741cf389d7c9072002ae2a81b63accb42732803db9b449c9423d546d", size = 38000806, upload-time = "2025-12-21T11:23:44.779Z" },
]

[[package]]
name = "coloredlogs"
version = "15.0.1"
source = { registry = "https://pypi.org/simple" }
dependencies = [
    { name = "humanfriendly" },
]
sdist = { url = "https://files.pythonhosted.org/packages/cc/c7/eed8f27100517e8c0e6b923d5f0845d0cb99763da6fdee00478f91db7325/coloredlogs-15.0.1.tar.gz", hash = "sha256:7c991aa71a4577af2f82600d8f8f3a89f936baeaf9b50a9c197da014e5bf16b0", size = 278520, upload-time = "2021-06-11T10:22:45.202Z" }
wheels = [
    { url = "https://files.pythonhosted.org/packages/a7/06/3d6badcf13db419e25b07041d9c7b4a2c331d3f4e7134445ec5df57714cd/coloredlogs-15.0.1-py2.py3-none-any.whl", hash = "sha256:612ee75c546f53e92e70049c9dbfcc18c935a2b9a53b66085ce9ef6a6e5c0934", size = 46018, upload-time = "2021-06-11T10:22:42.561Z" },
]

[[package]]
name = "convdog"
version = "0.1.3"
source = { virtual = "." }
dependencies = [
    { name = "numpy" },
    { name = "onnx" },
    { name = "onnx-graphsurgeon" },
    { name = "rich" },
]

[package.optional-dependencies]
cpu = [
    { name = "onnxruntime" },
]
cuda = [
    { name = "onnxruntime-gpu" },
]

[package.dev-dependencies]
dev = [
    { name = "cmake" },
    { name = "pybind11" },
]

[package.metadata]
requires-dist = [
    { name = "numpy", specifier = ">=2.0" },
    { name = "onnx", specifier = "==1.18" },
    { name = "onnx-graphsurgeon", specifier = ">=0.5.8" },
    { name = "onnxruntime", marker = "extra == 'cpu'", specifier = ">=1.23.2" },
    { name = "onnxruntime-gpu", marker = "extra == 'cuda'", specifier = ">=1.23.2" },
    { name = "rich", specifier = ">=14.2.0" },
]
provides-extras = ["cuda", "cpu"]

[package.metadata.requires-dev]
dev = [
    { name = "cmake", specifier = ">=4.2.1" },
    { name = "pybind11", specifier = ">=3.0.1" },
]

[[package]]
name = "flatbuffers"
version = "25.12.19"
source = { registry = "https://pypi.org/simple" }
wheels = [
    { url = "https://files.pythonhosted.org/packages/e8/2d/d2a548598be01649e2d46231d151a6c56d10b964d94043a335ae56ea2d92/flatbuffers-25.12.19-py2.py3-none-any.whl", hash = "sha256:7634f50c427838bb021c2d66a3d1168e9d199b0607e6329399f04846d42e20b4", size = 26661, upload-time = "2025-12-19T23:16:13.622Z" },
]

[[package]]
name = "humanfriendly"
version = "10.0"
source = { registry = "https://pypi.org/simple" }
dependencies = [
    { name = "pyreadline3", marker = "sys_platform == 'win32'" },
]
sdist = { url = "https://files.pythonhosted.org/packages/cc/3f/2c29224acb2e2df4d2046e4c73ee2662023c58ff5b113c4c1adac0886c43/humanfriendly-10.0.tar.gz", hash = "sha256:6b0b831ce8f15f7300721aa49829fc4e83921a9a301cc7f606be6686a2288ddc", size = 360702, upload-time = "2021-09-17T21:40:43.31Z" }
wheels = [
    { url = "https://files.pythonhosted.org/packages/f0/0f/310fb31e39e2d734ccaa2c0fb981ee41f7bd5056ce9bc29b2248bd569169/humanfriendly-10.0-py2.py3-none-any.whl", hash = "sha256:1697e1a8a8f550fd43c2865cd84542fc175a61dcb779b6fee18cf6b6ccba1477", size = 86794, upload-time = "2021-09-17T21:40:39.897Z" },
]

[[package]]
name = "markdown-it-py"
version = "4.0.0"
source = { registry = "https://pypi.org/simple" }
dependencies = [
    { name = "mdurl" },
]
sdist = { url = "https://files.pythonhosted.org/packages/5b/f5/4ec618ed16cc4f8fb3b701563655a69816155e79e24a17b651541804721d/markdown_it_py-4.0.0.tar.gz", hash = "sha256:cb0a2b4aa34f932c007117b194e945bd74e0ec24133ceb5bac59009cda1cb9f3", size = 73070, upload-time = "2025-08-11T12:57:52.854Z" }
wheels = [
    { url = "https://files.pythonhosted.org/packages/94/54/e7d793b573f298e1c9013b8c4dade17d481164aa517d1d7148619c2cedbf/markdown_it_py-4.0.0-py3-none-any.whl", hash = "sha256:87327c59b172c5011896038353a81343b6754500a08cd7a4973bb48c6d578147", size = 87321, upload-time = "2025-08-11T12:57:51.923Z" },
]

[[package]]
name = "mdurl"
version = "0.1.2"
source = { registry = "https://pypi.org/simple" }
sdist = { url = "https://files.pythonhosted.org/packages/d6/54/cfe61301667036ec958cb99bd3efefba235e65cdeb9c84d24a8293ba1d90/mdurl-0.1.2.tar.gz", hash = "sha256:bb413d29f5eea38f31dd4754dd7377d4465116fb207585f97bf925588687c1ba", size = 8729, upload-time = "2022-08-14T12:40:10.846Z" }
wheels = [
    { url = "https://files.pythonhosted.org/packages/b3/38/89ba8ad64ae25be8de66a6d463314cf1eb366222074cfda9ee839c56a4b4/mdurl-0.1.2-py3-none-any.whl", hash = "sha256:84008a41e51615a49fc9966191ff91509e3c40b939176e643fd50a5c2196b8f8", size = 9979, upload-time = "2022-08-14T12:40:09.779Z" },
]

[[package]]
name = "mpmath"
version = "1.3.0"
source = { registry = "https://pypi.org/simple" }
sdist = { url = "https://files.pythonhosted.org/packages/e0/47/dd32fa426cc72114383ac549964eecb20ecfd886d1e5ccf5340b55b02f57/mpmath-1.3.0.tar.gz", hash = "sha256:7a28eb2a9774d00c7bc92411c19a89209d5da7c4c9a9e227be8330a23a25b91f", size = 508106, upload-time = "2023-03-07T16:47:11.061Z" }
wheels = [
    { url = "https://files.pythonhosted.org/packages/43/e3/7d92a15f894aa0c9c4b49b8ee9ac9850d6e63b03c9c32c0367a13ae62209/mpmath-1.3.0-py3-none-any.whl", hash = "sha256:a0b2b9fe80bbcd81a6647ff13108738cfb482d481d826cc0e02f5b35e5c88d2c", size = 536198, upload-time = "2023-03-07T16:47:09.197Z" },
]

[[package]]
name = "numpy"
version = "2.4.0"
source = { registry = "https://pypi.org/simple" }
sdist = { url = "https://files.pythonhosted.org/packages/a4/7a/6a3d14e205d292b738db449d0de649b373a59edb0d0b4493821d0a3e8718/numpy-2.4.0.tar.gz", hash = "sha256:6e504f7b16118198f138ef31ba24d985b124c2c469fe8467007cf30fd992f934", size = 20685720, upload-time = "2025-12-20T16:18:19.023Z" }
wheels = [
    { url = "https://files.pythonhosted.org/packages/8b/ff/f6400ffec95de41c74b8e73df32e3fff1830633193a7b1e409be7fb1bb8c/numpy-2.4.0-cp312-cp312-macosx_10_13_x86_64.whl", hash = "sha256:2a8b6bb8369abefb8bd1801b054ad50e02b3275c8614dc6e5b0373c305291037", size = 16653117, upload-time = "2025-12-20T16:16:06.709Z" },
    { url = "https://files.pythonhosted.org/packages/fd/28/6c23e97450035072e8d830a3c411bf1abd1f42c611ff9d29e3d8f55c6252/numpy-2.4.0-cp312-cp312-macosx_11_0_arm64.whl", hash = "sha256:2e284ca13d5a8367e43734148622caf0b261b275673823593e3e3634a6490f83", size = 12369711, upload-time = "2025-12-20T16:16:08.758Z" },
    { url = "https://files.pythonhosted.org/packages/bc/af/acbef97b630ab1bb45e6a7d01d1452e4251aa88ce680ac36e56c272120ec/numpy-2.4.0-cp312-cp312-macosx_14_0_arm64.whl", hash = "sha256:49ff32b09f5aa0cd30a20c2b39db3e669c845589f2b7fc910365210887e39344", size = 5198355, upload-time = "2025-12-20T16:16:10.902Z" },
    { url = "https://files.pythonhosted.org/packages/c1/c8/4e0d436b66b826f2e53330adaa6311f5cac9871a5b5c31ad773b27f25a74/numpy-2.4.0-cp312-cp312-macosx_14_0_x86_64.whl", hash = "sha256:36cbfb13c152b1c7c184ddac43765db8ad672567e7bafff2cc755a09917ed2e6", size = 6545298, upload-time = "2025-12-20T16:16:12.607Z" },
    { url = "https://files.pythonhosted.org/packages/ef/27/e1f5d144ab54eac34875e79037011d511ac57b21b220063310cb96c80fbc/numpy-2.4.0-cp312-cp312-manylinux_2_27_aarch64.manylinux_2_28_aarch64.whl", hash = "sha256:35ddc8f4914466e6fc954c76527aa91aa763682a4f6d73249ef20b418fe6effb", size = 14398387, upload-time = "2025-12-20T16:16:14.257Z" },
    { url = "https://files.pythonhosted.org/packages/67/64/4cb909dd5ab09a9a5d086eff9586e69e827b88a5585517386879474f4cf7/numpy-2.4.0-cp312-cp312-manylinux_2_27_x86_64.manylinux_2_28_x86_64.whl", hash = "sha256:dc578891de1db95b2a35001b695451767b580bb45753717498213c5ff3c41d63", size = 16363091, upload-time = "2025-12-20T16:16:17.32Z" },
    { url = "https://files.pythonhosted.org/packages/9d/9c/8efe24577523ec6809261859737cf117b0eb6fdb655abdfdc81b2e468ce4/numpy-2.4.0-cp312-cp312-musllinux_1_2_aarch64.whl", hash = "sha256:98e81648e0b36e325ab67e46b5400a7a6d4a22b8a7c8e8bbfe20e7db7906bf95", size = 16176394, upload-time = "2025-12-20T16:16:19.524Z" },
    { url = "https://files.pythonhosted.org/packages/61/f0/1687441ece7b47a62e45a1f82015352c240765c707928edd8aef875d5951/numpy-2.4.0-cp312-cp312-musllinux_1_2_x86_64.whl", hash = "sha256:d57b5046c120561ba8fa8e4030fbb8b822f3063910fa901ffadf16e2b7128ad6", size = 18287378, upload-time = "2025-12-20T16:16:22.866Z" },
    { url = "https://files.pythonhosted.org/packages/d3/6f/f868765d44e6fc466467ed810ba9d8d6db1add7d4a748abfa2a4c99a3194/numpy-2.4.0-cp312-cp312-win32.whl", hash = "sha256:92190db305a6f48734d3982f2c60fa30d6b5ee9bff10f2887b930d7b40119f4c", size = 5955432, upload-time = "2025-12-20T16:16:25.06Z" },
    { url = "https://files.pythonhosted.org/packages/d4/b5/94c1e79fcbab38d1ca15e13777477b2914dd2d559b410f96949d6637b085/numpy-2.4.0-cp312-cp312-win_amd64.whl", hash = "sha256:680060061adb2d74ce352628cb798cfdec399068aa7f07ba9fb818b2b3305f98", size = 12306201, upload-time = "2025-12-20T16:16:26.979Z" },
    { url = "https://files.pythonhosted.org/packages/70/09/c39dadf0b13bb0768cd29d6a3aaff1fb7c6905ac40e9aaeca26b1c086e06/numpy-2.4.0-cp312-cp312-win_arm64.whl", hash = "sha256:39699233bc72dd482da1415dcb06076e32f60eddc796a796c5fb6c5efce94667", size = 10308234, upload-time = "2025-12-20T16:16:29.417Z" },
]

[[package]]
name = "onnx"
version = "1.18.0"
source = { registry = "https://pypi.org/simple" }
dependencies = [
    { name = "numpy" },
    { name = "protobuf" },
    { name = "typing-extensions" },
]
sdist = { url = "https://files.pythonhosted.org/packages/3d/60/e56e8ec44ed34006e6d4a73c92a04d9eea6163cc12440e35045aec069175/onnx-1.18.0.tar.gz", hash = "sha256:3d8dbf9e996629131ba3aa1afd1d8239b660d1f830c6688dd7e03157cccd6b9c", size = 12563009, upload-time = "2025-05-12T22:03:09.626Z" }
wheels = [
    { url = "https://files.pythonhosted.org/packages/a7/fe/16228aca685392a7114625b89aae98b2dc4058a47f0f467a376745efe8d0/onnx-1.18.0-cp312-cp312-macosx_12_0_universal2.whl", hash = "sha256:521bac578448667cbb37c50bf05b53c301243ede8233029555239930996a625b", size = 18285770, upload-time = "2025-05-12T22:02:26.116Z" },
    { url = "https://files.pythonhosted.org/packages/1e/77/ba50a903a9b5e6f9be0fa50f59eb2fca4a26ee653375408fbc72c3acbf9f/onnx-1.18.0-cp312-cp312-manylinux_2_17_aarch64.manylinux2014_aarch64.whl", hash = "sha256:e4da451bf1c5ae381f32d430004a89f0405bc57a8471b0bddb6325a5b334aa40", size = 17421291, upload-time = "2025-05-12T22:02:29.645Z" },
    { url = "https://files.pythonhosted.org/packages/11/23/25ec2ba723ac62b99e8fed6d7b59094dadb15e38d4c007331cc9ae3dfa5f/onnx-1.18.0-cp312-cp312-manylinux_2_17_x86_64.manylinux2014_x86_64.whl", hash = "sha256:99afac90b4cdb1471432203c3c1f74e16549c526df27056d39f41a9a47cfb4af", size = 17584084, upload-time = "2025-05-12T22:02:32.789Z" },
    { url = "https://files.pythonhosted.org/packages/6a/4d/2c253a36070fb43f340ff1d2c450df6a9ef50b938adcd105693fee43c4ee/onnx-1.18.0-cp312-cp312-win32.whl", hash = "sha256:ee159b41a3ae58d9c7341cf432fc74b96aaf50bd7bb1160029f657b40dc69715", size = 15734892, upload-time = "2025-05-12T22:02:35.527Z" },
    { url = "https://files.pythonhosted.org/packages/e8/92/048ba8fafe6b2b9a268ec2fb80def7e66c0b32ab2cae74de886981f05a27/onnx-1.18.0-cp312-cp312-win_amd64.whl", hash = "sha256:102c04edc76b16e9dfeda5a64c1fccd7d3d2913b1544750c01d38f1ac3c04e05", size = 15850336, upload-time = "2025-05-12T22:02:38.545Z" },
    { url = "https://files.pythonhosted.org/packages/a1/66/bbc4ffedd44165dcc407a51ea4c592802a5391ce3dc94aa5045350f64635/onnx-1.18.0-cp312-cp312-win_arm64.whl", hash = "sha256:911b37d724a5d97396f3c2ef9ea25361c55cbc9aa18d75b12a52b620b67145af", size = 15823802, upload-time = "2025-05-12T22:02:42.037Z" },
]

[[package]]
name = "onnx-graphsurgeon"
version = "0.5.8"
source = { registry = "https://pypi.org/simple" }
dependencies = [
    { name = "numpy" },
    { name = "onnx" },
]
wheels = [
    { url = "https://files.pythonhosted.org/packages/71/53/98334c4f64a9e289a8cb48f5e7966b8ff015414d0bf26587cf46d764f1d8/onnx_graphsurgeon-0.5.8-py2.py3-none-any.whl", hash = "sha256:6f611ea29a8e4740fbab1aae52bf4c40b8b9918f8459058d20b99acc79fce121", size = 57923, upload-time = "2025-04-10T18:49:24.483Z" },
]

[[package]]
name = "onnxruntime"
version = "1.23.2"
source = { registry = "https://pypi.org/simple" }
dependencies = [
    { name = "coloredlogs" },
    { name = "flatbuffers" },
    { name = "numpy" },
    { name = "packaging" },
    { name = "protobuf" },
    { name = "sympy" },
]
wheels = [
    { url = "https://files.pythonhosted.org/packages/1b/9e/f748cd64161213adeef83d0cb16cb8ace1e62fa501033acdd9f9341fff57/onnxruntime-1.23.2-cp312-cp312-macosx_13_0_arm64.whl", hash = "sha256:b8f029a6b98d3cf5be564d52802bb50a8489ab73409fa9db0bf583eabb7c2321", size = 17195929, upload-time = "2025-10-22T03:47:36.24Z" },
    { url = "https://files.pythonhosted.org/packages/91/9d/a81aafd899b900101988ead7fb14974c8a58695338ab6a0f3d6b0100f30b/onnxruntime-1.23.2-cp312-cp312-macosx_13_0_x86_64.whl", hash = "sha256:218295a8acae83905f6f1aed8cacb8e3eb3bd7513a13fe4ba3b2664a19fc4a6b", size = 19157705, upload-time = "2025-10-22T03:46:40.415Z" },
    { url = "https://files.pythonhosted.org/packages/3c/35/4e40f2fba272a6698d62be2cd21ddc3675edfc1a4b9ddefcc4648f115315/onnxruntime-1.23.2-cp312-cp312-manylinux_2_27_aarch64.manylinux_2_28_aarch64.whl", hash = "sha256:76ff670550dc23e58ea9bc53b5149b99a44e63b34b524f7b8547469aaa0dcb8c", size = 15226915, upload-time = "2025-10-22T03:46:27.773Z" },
    { url = "https://files.pythonhosted.org/packages/ef/88/9cc25d2bafe6bc0d4d3c1db3ade98196d5b355c0b273e6a5dc09c5d5d0d5/onnxruntime-1.23.2-cp312-cp312-manylinux_2_27_x86_64.manylinux_2_28_x86_64.whl", hash = "sha256:0f9b4ae77f8e3c9bee50c27bc1beede83f786fe1d52e99ac85aa8d65a01e9b77", size = 17382649, upload-time = "2025-10-22T03:47:02.782Z" },
    { url = "https://files.pythonhosted.org/packages/c0/b4/569d298f9fc4d286c11c45e85d9ffa9e877af12ace98af8cab52396e8f46/onnxruntime-1.23.2-cp312-cp312-win_amd64.whl", hash = "sha256:25de5214923ce941a3523739d34a520aac30f21e631de53bba9174dc9c004435", size = 13470528, upload-time = "2025-10-22T03:47:28.106Z" },
]

[[package]]
name = "onnxruntime-gpu"
version = "1.23.2"
source = { registry = "https://pypi.org/simple" }
dependencies = [
    { name = "coloredlogs" },
    { name = "flatbuffers" },
    { name = "numpy" },
    { name = "packaging" },
    { name = "protobuf" },
    { name = "sympy" },
]
wheels = [
    { url = "https://files.pythonhosted.org/packages/6c/d9/b7140a4f1615195938c7e358c0804bb84271f0d6886b5cbf105c6cb58aae/onnxruntime_gpu-1.23.2-cp312-cp312-manylinux_2_27_x86_64.manylinux_2_28_x86_64.whl", hash = "sha256:4f2d1f720685d729b5258ec1b36dee1de381b8898189908c98cbeecdb2f2b5c2", size = 300509596, upload-time = "2025-10-22T16:56:31.728Z" },
    { url = "https://files.pythonhosted.org/packages/87/da/2685c79e5ea587beddebe083601fead0bdf3620bc2f92d18756e7de8a636/onnxruntime_gpu-1.23.2-cp312-cp312-win_amd64.whl", hash = "sha256:fe925a84b00e291e0ad3fac29bfd8f8e06112abc760cdc82cb711b4f3935bd95", size = 244508327, upload-time = "2025-10-22T16:55:19.397Z" },
]

[[package]]
name = "packaging"
version = "25.0"
source = { registry = "https://pypi.org/simple" }
sdist = { url = "https://files.pythonhosted.org/packages/a1/d4/1fc4078c65507b51b96ca8f8c3ba19e6a61c8253c72794544580a7b6c24d/packaging-25.0.tar.gz", hash = "sha256:d443872c98d677bf60f6a1f2f8c1cb748e8fe762d2bf9d3148b5599295b0fc4f", size = 165727, upload-time = "2025-04-19T11:48:59.673Z" }
wheels = [
    { url = "https://files.pythonhosted.org/packages/20/12/38679034af332785aac8774540895e234f4d07f7545804097de4b666afd8/packaging-25.0-py3-none-any.whl", hash = "sha256:29572ef2b1f17581046b3a2227d5c611fb25ec70ca1ba8554b24b0e69331a484", size = 66469, upload-time = "2025-04-19T11:48:57.875Z" },
]

[[package]]
name = "protobuf"
version = "6.33.2"
source = { registry = "https://pypi.org/simple" }
sdist = { url = "https://files.pythonhosted.org/packages/34/44/e49ecff446afeec9d1a66d6bbf9adc21e3c7cea7803a920ca3773379d4f6/protobuf-6.33.2.tar.gz", hash = "sha256:56dc370c91fbb8ac85bc13582c9e373569668a290aa2e66a590c2a0d35ddb9e4", size = 444296, upload-time = "2025-12-06T00:17:53.311Z" }
wheels = [
    { url = "https://files.pythonhosted.org/packages/bc/91/1e3a34881a88697a7354ffd177e8746e97a722e5e8db101544b47e84afb1/protobuf-6.33.2-cp310-abi3-win32.whl", hash = "sha256:87eb388bd2d0f78febd8f4c8779c79247b26a5befad525008e49a6955787ff3d", size = 425603, upload-time = "2025-12-06T00:17:41.114Z" },
    { url = "https://files.pythonhosted.org/packages/64/20/4d50191997e917ae13ad0a235c8b42d8c1ab9c3e6fd455ca16d416944355/protobuf-6.33.2-cp310-abi3-win_amd64.whl", hash = "sha256:fc2a0e8b05b180e5fc0dd1559fe8ebdae21a27e81ac77728fb6c42b12c7419b4", size = 436930, upload-time = "2025-12-06T00:17:43.278Z" },
    { url = "https://files.pythonhosted.org/packages/b2/ca/7e485da88ba45c920fb3f50ae78de29ab925d9e54ef0de678306abfbb497/protobuf-6.33.2-cp39-abi3-macosx_10_9_universal2.whl", hash = "sha256:d9b19771ca75935b3a4422957bc518b0cecb978b31d1dd12037b088f6bcc0e43", size = 427621, upload-time = "2025-12-06T00:17:44.445Z" },
    { url = "https://files.pythonhosted.org/packages/7d/4f/f743761e41d3b2b2566748eb76bbff2b43e14d5fcab694f494a16458b05f/protobuf-6.33.2-cp39-abi3-manylinux2014_aarch64.whl", hash = "sha256:b5d3b5625192214066d99b2b605f5783483575656784de223f00a8d00754fc0e", size = 324460, upload-time = "2025-12-06T00:17:45.678Z" },
    { url = "https://files.pythonhosted.org/packages/b1/fa/26468d00a92824020f6f2090d827078c09c9c587e34cbfd2d0c7911221f8/protobuf-6.33.2-cp39-abi3-manylinux2014_s390x.whl", hash = "sha256:8cd7640aee0b7828b6d03ae518b5b4806fdfc1afe8de82f79c3454f8aef29872", size = 339168, upload-time = "2025-12-06T00:17:46.813Z" },
    { url = "https://files.pythonhosted.org/packages/56/13/333b8f421738f149d4fe5e49553bc2a2ab75235486259f689b4b91f96cec/protobuf-6.33.2-cp39-abi3-manylinux2014_x86_64.whl", hash = "sha256:1f8017c48c07ec5859106533b682260ba3d7c5567b1ca1f24297ce03384d1b4f", size = 323270, upload-time = "2025-12-06T00:17:48.253Z" },
    { url = "https://files.pythonhosted.org/packages/0e/15/4f02896cc3df04fc465010a4c6a0cd89810f54617a32a70ef531ed75d61c/protobuf-6.33.2-py3-none-any.whl", hash = "sha256:7636aad9bb01768870266de5dc009de2d1b936771b38a793f73cbbf279c91c5c", size = 170501, upload-time = "2025-12-06T00:17:52.211Z" },
]

[[package]]
name = "pybind11"
version = "3.0.1"
source = { registry = "https://pypi.org/simple" }
sdist = { url = "https://files.pythonhosted.org/packages/2f/7b/a6d8dcb83c457e24a9df1e4d8fd5fb8034d4bbc62f3c324681e8a9ba57c2/pybind11-3.0.1.tar.gz", hash = "sha256:9c0f40056a016da59bab516efb523089139fcc6f2ba7e4930854c61efb932051", size = 546914, upload-time = "2025-08-22T20:09:27.265Z" }
wheels = [
    { url = "https://files.pythonhosted.org/packages/cd/8a/37362fc2b949d5f733a8b0f2ff51ba423914cabefe69f1d1b6aab710f5fe/pybind11-3.0.1-py3-none-any.whl", hash = "sha256:aa8f0aa6e0a94d3b64adfc38f560f33f15e589be2175e103c0a33c6bce55ee89", size = 293611, upload-time = "2025-08-22T20:09:25.235Z" },
]

[[package]]
name = "pygments"
version = "2.19.2"
source = { registry = "https://pypi.org/simple" }
sdist = { url = "https://files.pythonhosted.org/packages/b0/77/a5b8c569bf593b0140bde72ea885a803b82086995367bf2037de0159d924/pygments-2.19.2.tar.gz", hash = "sha256:636cb2477cec7f8952536970bc533bc43743542f70392ae026374600add5b887", size = 4968631, upload-time = "2025-06-21T13:39:12.283Z" }
wheels = [
    { url = "https://files.pythonhosted.org/packages/c7/21/705964c7812476f378728bdf590ca4b771ec72385c533964653c68e86bdc/pygments-2.19.2-py3-none-any.whl", hash = "sha256:86540386c03d588bb81d44bc3928634ff26449851e99741617ecb9037ee5ec0b", size = 1225217, upload-time = "2025-06-21T13:39:07.939Z" },
]

[[package]]
name = "pyreadline3"
version = "3.5.4"
source = { registry = "https://pypi.org/simple" }
sdist = { url = "https://files.pythonhosted.org/packages/0f/49/4cea918a08f02817aabae639e3d0ac046fef9f9180518a3ad394e22da148/pyreadline3-3.5.4.tar.gz", hash = "sha256:8d57d53039a1c75adba8e50dd3d992b28143480816187ea5efbd5c78e6c885b7", size = 99839, upload-time = "2024-09-19T02:40:10.062Z" }
wheels = [
    { url = "https://files.pythonhosted.org/packages/5a/dc/491b7661614ab97483abf2056be1deee4dc2490ecbf7bff9ab5cdbac86e1/pyreadline3-3.5.4-py3-none-any.whl", hash = "sha256:eaf8e6cc3c49bcccf145fc6067ba8643d1df34d604a1ec0eccbf7a18e6d3fae6", size = 83178, upload-time = "2024-09-19T02:40:08.598Z" },
]

[[package]]
name = "rich"
version = "14.2.0"
source = { registry = "https://pypi.org/simple" }
dependencies = [
    { name = "markdown-it-py" },
    { name = "pygments" },
]
sdist = { url = "https://files.pythonhosted.org/packages/fb/d2/8920e102050a0de7bfabeb4c4614a49248cf8d5d7a8d01885fbb24dc767a/rich-14.2.0.tar.gz", hash = "sha256:73ff50c7c0c1c77c8243079283f4edb376f0f6442433aecb8ce7e6d0b92d1fe4", size = 219990, upload-time = "2025-10-09T14:16:53.064Z" }
wheels = [
    { url = "https://files.pythonhosted.org/packages/25/7a/b0178788f8dc6cafce37a212c99565fa1fe7872c70c6c9c1e1a372d9d88f/rich-14.2.0-py3-none-any.whl", hash = "sha256:76bc51fe2e57d2b1be1f96c524b890b816e334ab4c1e45888799bfaab0021edd", size = 243393, upload-time = "2025-10-09T14:16:51.245Z" },
]

[[package]]
name = "sympy"
version = "1.14.0"
source = { registry = "https://pypi.org/simple" }
dependencies = [
    { name = "mpmath" },
]
sdist = { url = "https://files.pythonhosted.org/packages/83/d3/803453b36afefb7c2bb238361cd4ae6125a569b4db67cd9e79846ba2d68c/sympy-1.14.0.tar.gz", hash = "sha256:d3d3fe8df1e5a0b42f0e7bdf50541697dbe7d23746e894990c030e2b05e72517", size = 7793921, upload-time = "2025-04-27T18:05:01.611Z" }
wheels = [
    { url = "https://files.pythonhosted.org/packages/a2/09/77d55d46fd61b4a135c444fc97158ef34a095e5681d0a6c10b75bf356191/sympy-1.14.0-py3-none-any.whl", hash = "sha256:e091cc3e99d2141a0ba2847328f5479b05d94a6635cb96148ccb3f34671bd8f5", size = 6299353, upload-time = "2025-04-27T18:04:59.103Z" },
]

[[package]]
name = "typing-extensions"
version = "4.15.0"
source = { registry = "https://pypi.org/simple" }
sdist = { url = "https://files.pythonhosted.org/packages/72/94/1a15dd82efb362ac84269196e94cf00f187f7ed21c242792a923cdb1c61f/typing_extensions-4.15.0.tar.gz", hash = "sha256:0cea48d173cc12fa28ecabc3b837ea3cf6f38c6d1136f85cbaaf598984861466", size = 109391, upload-time = "2025-08-25T13:49:26.313Z" }
wheels = [
    { url = "https://files.pythonhosted.org/packages/18/67/36e9267722cc04a6b9f15c7f3441c2363321a3ea07da7ae0c0707beb2a9c/typing_extensions-4.15.0-py3-none-any.whl", hash = "sha256:f0fa19c6845758ab08074a0cfa8b7aecb71c999ca73d62883bc25cc018c4e548", size = 44614, upload-time = "2025-08-25T13:49:24.86Z" },
]
